
Microsoft Visual Studio Solution File, Format Version 12.00
# Visual Studio Version 16
VisualStudioVersion = 16.0.29519.87
MinimumVisualStudioVersion = 10.0.40219.1
Project("{FAE04EC0-301F-11D3-BF4B-00C04F79EFBC}") = "S2_Eksamen_GUI", "S2_Eksamen_GUI\S2_Eksamen_GUI.csproj", "{29BCB3C6-926B-4E49-989B-DB4E22C8CB7D}"
EndProject
Global
	GlobalSection(SolutionConfigurationPlatforms) = preSolution
		Debug|Any CPU = Debug|Any CPU
		Release|Any CPU = Release|Any CPU
	EndGlobalSection
	GlobalSection(ProjectConfigurationPlatforms) = postSolution
		{29BCB3C6-926B-4E49-989B-DB4E22C8CB7D}.Debug|Any CPU.ActiveCfg = Debug|Any CPU
		{29BCB3C6-926B-4E49-989B-DB4E22C8CB7D}.Debug|Any CPU.Build.0 = Debug|Any CPU
		{29BCB3C6-926B-4E49-989B-DB4E22C8CB7D}.Release|Any CPU.ActiveCfg = Release|Any CPU
		{29BCB3C6-926B-4E49-989B-DB4E22C8CB7D}.Release|Any CPU.Build.0 = Release|Any CPU
	EndGlobalSection
	GlobalSection(SolutionProperties) = preSolution
		HideSolutionNode = FALSE
	EndGlobalSection
	GlobalSection(ExtensibilityGlobals) = postSolution
		SolutionGuid = {9647A89F-6CB7-43D8-A822-086AFC3044D6}
	EndGlobalSection
EndGlobal
